{
  "requires": true,
  "lockfileVersion": 1,
  "dependencies": {
    "marked": {
      "version": "4.0.0",
      "resolved": "https://registry.npmjs.org/marked/-/marked-4.0.0.tgz",
      "integrity": "sha512-K3C1JvtiXuXVLoxDQEJP4NMLBuThlTkthgUOCzqLghIpHfis1DIZZfPI3o4UgfFpQ0d+JvTql2h+szR9jQ1p1w=="
    }
  }
}
